
Microsoft Visual Studio Solution File, Format Version 12.00
# Visual Studio Version 17
VisualStudioVersion = 17.1.32421.90
MinimumVisualStudioVersion = 10.0.40219.1
Project("{9A19103F-16F7-4668-BE54-9A1E7A4F7556}") = "WebApp", "WebApp\WebApp.csproj", "{B6A41E0B-CF67-46CE-8103-6A67BB75AB15}"
EndProject
Project("{9A19103F-16F7-4668-BE54-9A1E7A4F7556}") = "UseCases", "UseCases\UseCases.csproj", "{28C1BC11-EA12-4A8F-A438-54F89612C8AA}"
EndProject
Project("{9A19103F-16F7-4668-BE54-9A1E7A4F7556}") = "CoreBusiness", "CoreBusiness\CoreBusiness.csproj", "{F70D435B-ECA4-41B9-98B9-528F4FF3916F}"
EndProject
Project("{9A19103F-16F7-4668-BE54-9A1E7A4F7556}") = "Plugins.DataStore.InMemory", "Plugins.DataStore.InMemory\Plugins.DataStore.InMemory.csproj", "{73CFF843-476A-44B2-A364-DC1062F11C21}"
EndProject
Project("{2150E333-8FDC-42A3-9474-1A3956D46DE8}") = "src", "src", "{CFE3818D-31F1-4290-8884-93E4065F0BDF}"
EndProject
Global
	GlobalSection(SolutionConfigurationPlatforms) = preSolution
		Debug|Any CPU = Debug|Any CPU
		Release|Any CPU = Release|Any CPU
	EndGlobalSection
	GlobalSection(ProjectConfigurationPlatforms) = postSolution
		{B6A41E0B-CF67-46CE-8103-6A67BB75AB15}.Debug|Any CPU.ActiveCfg = Debug|Any CPU
		{B6A41E0B-CF67-46CE-8103-6A67BB75AB15}.Debug|Any CPU.Build.0 = Debug|Any CPU
		{B6A41E0B-CF67-46CE-8103-6A67BB75AB15}.Release|Any CPU.ActiveCfg = Release|Any CPU
		{B6A41E0B-CF67-46CE-8103-6A67BB75AB15}.Release|Any CPU.Build.0 = Release|Any CPU
		{28C1BC11-EA12-4A8F-A438-54F89612C8AA}.Debug|Any CPU.ActiveCfg = Debug|Any CPU
		{28C1BC11-EA12-4A8F-A438-54F89612C8AA}.Debug|Any CPU.Build.0 = Debug|Any CPU
		{28C1BC11-EA12-4A8F-A438-54F89612C8AA}.Release|Any CPU.ActiveCfg = Release|Any CPU
		{28C1BC11-EA12-4A8F-A438-54F89612C8AA}.Release|Any CPU.Build.0 = Release|Any CPU
		{F70D435B-ECA4-41B9-98B9-528F4FF3916F}.Debug|Any CPU.ActiveCfg = Debug|Any CPU
		{F70D435B-ECA4-41B9-98B9-528F4FF3916F}.Debug|Any CPU.Build.0 = Debug|Any CPU
		{F70D435B-ECA4-41B9-98B9-528F4FF3916F}.Release|Any CPU.ActiveCfg = Release|Any CPU
		{F70D435B-ECA4-41B9-98B9-528F4FF3916F}.Release|Any CPU.Build.0 = Release|Any CPU
		{73CFF843-476A-44B2-A364-DC1062F11C21}.Debug|Any CPU.ActiveCfg = Debug|Any CPU
		{73CFF843-476A-44B2-A364-DC1062F11C21}.Debug|Any CPU.Build.0 = Debug|Any CPU
		{73CFF843-476A-44B2-A364-DC1062F11C21}.Release|Any CPU.ActiveCfg = Release|Any CPU
		{73CFF843-476A-44B2-A364-DC1062F11C21}.Release|Any CPU.Build.0 = Release|Any CPU
	EndGlobalSection
	GlobalSection(SolutionProperties) = preSolution
		HideSolutionNode = FALSE
	EndGlobalSection
	GlobalSection(NestedProjects) = preSolution
		{B6A41E0B-CF67-46CE-8103-6A67BB75AB15} = {CFE3818D-31F1-4290-8884-93E4065F0BDF}
		{28C1BC11-EA12-4A8F-A438-54F89612C8AA} = {CFE3818D-31F1-4290-8884-93E4065F0BDF}
		{F70D435B-ECA4-41B9-98B9-528F4FF3916F} = {CFE3818D-31F1-4290-8884-93E4065F0BDF}
		{73CFF843-476A-44B2-A364-DC1062F11C21} = {CFE3818D-31F1-4290-8884-93E4065F0BDF}
	EndGlobalSection
	GlobalSection(ExtensibilityGlobals) = postSolution
		SolutionGuid = {B1A9B404-0E84-41B5-9ADB-81B1ED10E5D4}
	EndGlobalSection
EndGlobal
